
Microsoft Visual Studio Solution File, Format Version 12.00
# Visual Studio Version 16
VisualStudioVersion = 16.0.31410.223
MinimumVisualStudioVersion = 10.0.40219.1
Project("{FAE04EC0-301F-11D3-BF4B-00C04F79EFBC}") = "linkdev_xamarin_task.UWP", "linkdev_xamarin_task\linkdev_xamarin_task.UWP\linkdev_xamarin_task.UWP.csproj", "{F89AB0C1-AC9E-444E-8658-FC7E7BE7A889}"
EndProject
Project("{FAE04EC0-301F-11D3-BF4B-00C04F79EFBC}") = "linkdev_xamarin_task.Android", "linkdev_xamarin_task\linkdev_xamarin_task.Android\linkdev_xamarin_task.Android.csproj", "{EB7EBC93-F247-4EF1-B0AD-46B28BF9AFC9}"
EndProject
Project("{FAE04EC0-301F-11D3-BF4B-00C04F79EFBC}") = "linkdev_xamarin_task.iOS", "linkdev_xamarin_task\linkdev_xamarin_task.iOS\linkdev_xamarin_task.iOS.csproj", "{BAD5D57D-1DD2-4F4E-B4A2-B23F1009ACAB}"
EndProject
Project("{FAE04EC0-301F-11D3-BF4B-00C04F79EFBC}") = "linkdev_xamarin_task", "linkdev_xamarin_task\linkdev_xamarin_task\linkdev_xamarin_task.csproj", "{07AFD4B2-442F-4465-8866-BD0C191E9627}"
EndProject
Global
	GlobalSection(SolutionConfigurationPlatforms) = preSolution
		Debug|Any CPU = Debug|Any CPU
		Debug|ARM = Debug|ARM
		Debug|iPhone = Debug|iPhone
		Debug|iPhoneSimulator = Debug|iPhoneSimulator
		Debug|x64 = Debug|x64
		Debug|x86 = Debug|x86
		Release|Any CPU = Release|Any CPU
		Release|ARM = Release|ARM
		Release|iPhone = Release|iPhone
		Release|iPhoneSimulator = Release|iPhoneSimulator
		Release|x64 = Release|x64
		Release|x86 = Release|x86
	EndGlobalSection
	GlobalSection(ProjectConfigurationPlatforms) = postSolution
		{F89AB0C1-AC9E-444E-8658-FC7E7BE7A889}.Debug|Any CPU.ActiveCfg = Debug|x86
		{F89AB0C1-AC9E-444E-8658-FC7E7BE7A889}.Debug|Any CPU.Build.0 = Debug|x86
		{F89AB0C1-AC9E-444E-8658-FC7E7BE7A889}.Debug|Any CPU.Deploy.0 = Debug|x86
		{F89AB0C1-AC9E-444E-8658-FC7E7BE7A889}.Debug|ARM.ActiveCfg = Debug|ARM
		{F89AB0C1-AC9E-444E-8658-FC7E7BE7A889}.Debug|ARM.Build.0 = Debug|ARM
		{F89AB0C1-AC9E-444E-8658-FC7E7BE7A889}.Debug|ARM.Deploy.0 = Debug|ARM
		{F89AB0C1-AC9E-444E-8658-FC7E7BE7A889}.Debug|iPhone.ActiveCfg = Debug|x86
		{F89AB0C1-AC9E-444E-8658-FC7E7BE7A889}.Debug|iPhone.Build.0 = Debug|x86
		{F89AB0C1-AC9E-444E-8658-FC7E7BE7A889}.Debug|iPhone.Deploy.0 = Debug|x86
		{F89AB0C1-AC9E-444E-8658-FC7E7BE7A889}.Debug|iPhoneSimulator.ActiveCfg = Debug|x86
		{F89AB0C1-AC9E-444E-8658-FC7E7BE7A889}.Debug|iPhoneSimulator.Build.0 = Debug|x86
		{F89AB0C1-AC9E-444E-8658-FC7E7BE7A889}.Debug|iPhoneSimulator.Deploy.0 = Debug|x86
		{F89AB0C1-AC9E-444E-8658-FC7E7BE7A889}.Debug|x64.ActiveCfg = Debug|x64
		{F89AB0C1-AC9E-444E-8658-FC7E7BE7A889}.Debug|x64.Build.0 = Debug|x64
		{F89AB0C1-AC9E-444E-8658-FC7E7BE7A889}.Debug|x64.Deploy.0 = Debug|x64
		{F89AB0C1-AC9E-444E-8658-FC7E7BE7A889}.Debug|x86.ActiveCfg = Debug|x86
		{F89AB0C1-AC9E-444E-8658-FC7E7BE7A889}.Debug|x86.Build.0 = Debug|x86
		{F89AB0C1-AC9E-444E-8658-FC7E7BE7A889}.Debug|x86.Deploy.0 = Debug|x86
		{F89AB0C1-AC9E-444E-8658-FC7E7BE7A889}.Release|Any CPU.ActiveCfg = Release|x86
		{F89AB0C1-AC9E-444E-8658-FC7E7BE7A889}.Release|Any CPU.Build.0 = Release|x86
		{F89AB0C1-AC9E-444E-8658-FC7E7BE7A889}.Release|Any CPU.Deploy.0 = Release|x86
		{F89AB0C1-AC9E-444E-8658-FC7E7BE7A889}.Release|ARM.ActiveCfg = Release|ARM
		{F89AB0C1-AC9E-444E-8658-FC7E7BE7A889}.Release|ARM.Build.0 = Release|ARM
		{F89AB0C1-AC9E-444E-8658-FC7E7BE7A889}.Release|ARM.Deploy.0 = Release|ARM
		{F89AB0C1-AC9E-444E-8658-FC7E7BE7A889}.Release|iPhone.ActiveCfg = Release|x86
		{F89AB0C1-AC9E-444E-8658-FC7E7BE7A889}.Release|iPhone.Build.0 = Release|x86
		{F89AB0C1-AC9E-444E-8658-FC7E7BE7A889}.Release|iPhone.Deploy.0 = Release|x86
		{F89AB0C1-AC9E-444E-8658-FC7E7BE7A889}.Release|iPhoneSimulator.ActiveCfg = Release|x86
		{F89AB0C1-AC9E-444E-8658-FC7E7BE7A889}.Release|iPhoneSimulator.Build.0 = Release|x86
		{F89AB0C1-AC9E-444E-8658-FC7E7BE7A889}.Release|iPhoneSimulator.Deploy.0 = Release|x86
		{F89AB0C1-AC9E-444E-8658-FC7E7BE7A889}.Release|x64.ActiveCfg = Release|x64
		{F89AB0C1-AC9E-444E-8658-FC7E7BE7A889}.Release|x64.Build.0 = Release|x64
		{F89AB0C1-AC9E-444E-8658-FC7E7BE7A889}.Release|x64.Deploy.0 = Release|x64
		{F89AB0C1-AC9E-444E-8658-FC7E7BE7A889}.Release|x86.ActiveCfg = Release|x86
		{F89AB0C1-AC9E-444E-8658-FC7E7BE7A889}.Release|x86.Build.0 = Release|x86
		{F89AB0C1-AC9E-444E-8658-FC7E7BE7A889}.Release|x86.Deploy.0 = Release|x86
		{EB7EBC93-F247-4EF1-B0AD-46B28BF9AFC9}.Debug|Any CPU.ActiveCfg = Debug|Any CPU
		{EB7EBC93-F247-4EF1-B0AD-46B28BF9AFC9}.Debug|Any CPU.Build.0 = Debug|Any CPU
		{EB7EBC93-F247-4EF1-B0AD-46B28BF9AFC9}.Debug|Any CPU.Deploy.0 = Debug|Any CPU
		{EB7EBC93-F247-4EF1-B0AD-46B28BF9AFC9}.Debug|ARM.ActiveCfg = Debug|Any CPU
		{EB7EBC93-F247-4EF1-B0AD-46B28BF9AFC9}.Debug|ARM.Build.0 = Debug|Any CPU
		{EB7EBC93-F247-4EF1-B0AD-46B28BF9AFC9}.Debug|ARM.Deploy.0 = Debug|Any CPU
		{EB7EBC93-F247-4EF1-B0AD-46B28BF9AFC9}.Debug|iPhone.ActiveCfg = Debug|Any CPU
		{EB7EBC93-F247-4EF1-B0AD-46B28BF9AFC9}.Debug|iPhone.Build.0 = Debug|Any CPU
		{EB7EBC93-F247-4EF1-B0AD-46B28BF9AFC9}.Debug|iPhone.Deploy.0 = Debug|Any CPU
		{EB7EBC93-F247-4EF1-B0AD-46B28BF9AFC9}.Debug|iPhoneSimulator.ActiveCfg = Debug|Any CPU
		{EB7EBC93-F247-4EF1-B0AD-46B28BF9AFC9}.Debug|iPhoneSimulator.Build.0 = Debug|Any CPU
		{EB7EBC93-F247-4EF1-B0AD-46B28BF9AFC9}.Debug|iPhoneSimulator.Deploy.0 = Debug|Any CPU
		{EB7EBC93-F247-4EF1-B0AD-46B28BF9AFC9}.Debug|x64.ActiveCfg = Debug|Any CPU
		{EB7EBC93-F247-4EF1-B0AD-46B28BF9AFC9}.Debug|x64.Build.0 = Debug|Any CPU
		{EB7EBC93-F247-4EF1-B0AD-46B28BF9AFC9}.Debug|x64.Deploy.0 = Debug|Any CPU
		{EB7EBC93-F247-4EF1-B0AD-46B28BF9AFC9}.Debug|x86.ActiveCfg = Debug|Any CPU
		{EB7EBC93-F247-4EF1-B0AD-46B28BF9AFC9}.Debug|x86.Build.0 = Debug|Any CPU
		{EB7EBC93-F247-4EF1-B0AD-46B28BF9AFC9}.Debug|x86.Deploy.0 = Debug|Any CPU
		{EB7EBC93-F247-4EF1-B0AD-46B28BF9AFC9}.Release|Any CPU.ActiveCfg = Release|Any CPU
		{EB7EBC93-F247-4EF1-B0AD-46B28BF9AFC9}.Release|Any CPU.Build.0 = Release|Any CPU
		{EB7EBC93-F247-4EF1-B0AD-46B28BF9AFC9}.Release|Any CPU.Deploy.0 = Release|Any CPU
		{EB7EBC93-F247-4EF1-B0AD-46B28BF9AFC9}.Release|ARM.ActiveCfg = Release|Any CPU
		{EB7EBC93-F247-4EF1-B0AD-46B28BF9AFC9}.Release|ARM.Build.0 = Release|Any CPU
		{EB7EBC93-F247-4EF1-B0AD-46B28BF9AFC9}.Release|ARM.Deploy.0 = Release|Any CPU
		{EB7EBC93-F247-4EF1-B0AD-46B28BF9AFC9}.Release|iPhone.ActiveCfg = Release|Any CPU
		{EB7EBC93-F247-4EF1-B0AD-46B28BF9AFC9}.Release|iPhone.Build.0 = Release|Any CPU
		{EB7EBC93-F247-4EF1-B0AD-46B28BF9AFC9}.Release|iPhone.Deploy.0 = Release|Any CPU
		{EB7EBC93-F247-4EF1-B0AD-46B28BF9AFC9}.Release|iPhoneSimulator.ActiveCfg = Release|Any CPU
		{EB7EBC93-F247-4EF1-B0AD-46B28BF9AFC9}.Release|iPhoneSimulator.Build.0 = Release|Any CPU
		{EB7EBC93-F247-4EF1-B0AD-46B28BF9AFC9}.Release|iPhoneSimulator.Deploy.0 = Release|Any CPU
		{EB7EBC93-F247-4EF1-B0AD-46B28BF9AFC9}.Release|x64.ActiveCfg = Release|Any CPU
		{EB7EBC93-F247-4EF1-B0AD-46B28BF9AFC9}.Release|x64.Build.0 = Release|Any CPU
		{EB7EBC93-F247-4EF1-B0AD-46B28BF9AFC9}.Release|x64.Deploy.0 = Release|Any CPU
		{EB7EBC93-F247-4EF1-B0AD-46B28BF9AFC9}.Release|x86.ActiveCfg = Release|Any CPU
		{EB7EBC93-F247-4EF1-B0AD-46B28BF9AFC9}.Release|x86.Build.0 = Release|Any CPU
		{EB7EBC93-F247-4EF1-B0AD-46B28BF9AFC9}.Release|x86.Deploy.0 = Release|Any CPU
		{BAD5D57D-1DD2-4F4E-B4A2-B23F1009ACAB}.Debug|Any CPU.ActiveCfg = Debug|iPhoneSimulator
		{BAD5D57D-1DD2-4F4E-B4A2-B23F1009ACAB}.Debug|Any CPU.Build.0 = Debug|iPhoneSimulator
		{BAD5D57D-1DD2-4F4E-B4A2-B23F1009ACAB}.Debug|Any CPU.Deploy.0 = Debug|iPhoneSimulator
		{BAD5D57D-1DD2-4F4E-B4A2-B23F1009ACAB}.Debug|ARM.ActiveCfg = Debug|iPhone
		{BAD5D57D-1DD2-4F4E-B4A2-B23F1009ACAB}.Debug|ARM.Build.0 = Debug|iPhone
		{BAD5D57D-1DD2-4F4E-B4A2-B23F1009ACAB}.Debug|ARM.Deploy.0 = Debug|iPhone
		{BAD5D57D-1DD2-4F4E-B4A2-B23F1009ACAB}.Debug|iPhone.ActiveCfg = Debug|iPhone
		{BAD5D57D-1DD2-4F4E-B4A2-B23F1009ACAB}.Debug|iPhone.Build.0 = Debug|iPhone
		{BAD5D57D-1DD2-4F4E-B4A2-B23F1009ACAB}.Debug|iPhone.Deploy.0 = Debug|iPhone
		{BAD5D57D-1DD2-4F4E-B4A2-B23F1009ACAB}.Debug|iPhoneSimulator.ActiveCfg = Debug|iPhoneSimulator
		{BAD5D57D-1DD2-4F4E-B4A2-B23F1009ACAB}.Debug|iPhoneSimulator.Build.0 = Debug|iPhoneSimulator
		{BAD5D57D-1DD2-4F4E-B4A2-B23F1009ACAB}.Debug|iPhoneSimulator.Deploy.0 = Debug|iPhoneSimulator
		{BAD5D57D-1DD2-4F4E-B4A2-B23F1009ACAB}.Debug|x64.ActiveCfg = Debug|iPhoneSimulator
		{BAD5D57D-1DD2-4F4E-B4A2-B23F1009ACAB}.Debug|x64.Build.0 = Debug|iPhoneSimulator
		{BAD5D57D-1DD2-4F4E-B4A2-B23F1009ACAB}.Debug|x64.Deploy.0 = Debug|iPhoneSimulator
		{BAD5D57D-1DD2-4F4E-B4A2-B23F1009ACAB}.Debug|x86.ActiveCfg = Debug|iPhoneSimulator
		{BAD5D57D-1DD2-4F4E-B4A2-B23F1009ACAB}.Debug|x86.Build.0 = Debug|iPhoneSimulator
		{BAD5D57D-1DD2-4F4E-B4A2-B23F1009ACAB}.Debug|x86.Deploy.0 = Debug|iPhoneSimulator
		{BAD5D57D-1DD2-4F4E-B4A2-B23F1009ACAB}.Release|Any CPU.ActiveCfg = Release|iPhoneSimulator
		{BAD5D57D-1DD2-4F4E-B4A2-B23F1009ACAB}.Release|Any CPU.Build.0 = Release|iPhoneSimulator
		{BAD5D57D-1DD2-4F4E-B4A2-B23F1009ACAB}.Release|Any CPU.Deploy.0 = Release|iPhoneSimulator
		{BAD5D57D-1DD2-4F4E-B4A2-B23F1009ACAB}.Release|ARM.ActiveCfg = Release|iPhoneSimulator
		{BAD5D57D-1DD2-4F4E-B4A2-B23F1009ACAB}.Release|ARM.Build.0 = Release|iPhoneSimulator
		{BAD5D57D-1DD2-4F4E-B4A2-B23F1009ACAB}.Release|ARM.Deploy.0 = Release|iPhoneSimulator
		{BAD5D57D-1DD2-4F4E-B4A2-B23F1009ACAB}.Release|iPhone.ActiveCfg = Release|iPhone
		{BAD5D57D-1DD2-4F4E-B4A2-B23F1009ACAB}.Release|iPhone.Build.0 = Release|iPhone
		{BAD5D57D-1DD2-4F4E-B4A2-B23F1009ACAB}.Release|iPhone.Deploy.0 = Release|iPhone
		{BAD5D57D-1DD2-4F4E-B4A2-B23F1009ACAB}.Release|iPhoneSimulator.ActiveCfg = Release|iPhoneSimulator
		{BAD5D57D-1DD2-4F4E-B4A2-B23F1009ACAB}.Release|iPhoneSimulator.Build.0 = Release|iPhoneSimulator
		{BAD5D57D-1DD2-4F4E-B4A2-B23F1009ACAB}.Release|iPhoneSimulator.Deploy.0 = Release|iPhoneSimulator
		{BAD5D57D-1DD2-4F4E-B4A2-B23F1009ACAB}.Release|x64.ActiveCfg = Release|iPhoneSimulator
		{BAD5D57D-1DD2-4F4E-B4A2-B23F1009ACAB}.Release|x64.Build.0 = Release|iPhoneSimulator
		{BAD5D57D-1DD2-4F4E-B4A2-B23F1009ACAB}.Release|x64.Deploy.0 = Release|iPhoneSimulator
		{BAD5D57D-1DD2-4F4E-B4A2-B23F1009ACAB}.Release|x86.ActiveCfg = Release|iPhoneSimulator
		{BAD5D57D-1DD2-4F4E-B4A2-B23F1009ACAB}.Release|x86.Build.0 = Release|iPhoneSimulator
		{BAD5D57D-1DD2-4F4E-B4A2-B23F1009ACAB}.Release|x86.Deploy.0 = Release|iPhoneSimulator
		{07AFD4B2-442F-4465-8866-BD0C191E9627}.Debug|Any CPU.ActiveCfg = Debug|Any CPU
		{07AFD4B2-442F-4465-8866-BD0C191E9627}.Debug|Any CPU.Build.0 = Debug|Any CPU
		{07AFD4B2-442F-4465-8866-BD0C191E9627}.Debug|Any CPU.Deploy.0 = Debug|Any CPU
		{07AFD4B2-442F-4465-8866-BD0C191E9627}.Debug|ARM.ActiveCfg = Debug|Any CPU
		{07AFD4B2-442F-4465-8866-BD0C191E9627}.Debug|ARM.Build.0 = Debug|Any CPU
		{07AFD4B2-442F-4465-8866-BD0C191E9627}.Debug|ARM.Deploy.0 = Debug|Any CPU
		{07AFD4B2-442F-4465-8866-BD0C191E9627}.Debug|iPhone.ActiveCfg = Debug|Any CPU
		{07AFD4B2-442F-4465-8866-BD0C191E9627}.Debug|iPhone.Build.0 = Debug|Any CPU
		{07AFD4B2-442F-4465-8866-BD0C191E9627}.Debug|iPhone.Deploy.0 = Debug|Any CPU
		{07AFD4B2-442F-4465-8866-BD0C191E9627}.Debug|iPhoneSimulator.ActiveCfg = Debug|Any CPU
		{07AFD4B2-442F-4465-8866-BD0C191E9627}.Debug|iPhoneSimulator.Build.0 = Debug|Any CPU
		{07AFD4B2-442F-4465-8866-BD0C191E9627}.Debug|iPhoneSimulator.Deploy.0 = Debug|Any CPU
		{07AFD4B2-442F-4465-8866-BD0C191E9627}.Debug|x64.ActiveCfg = Debug|Any CPU
		{07AFD4B2-442F-4465-8866-BD0C191E9627}.Debug|x64.Build.0 = Debug|Any CPU
		{07AFD4B2-442F-4465-8866-BD0C191E9627}.Debug|x64.Deploy.0 = Debug|Any CPU
		{07AFD4B2-442F-4465-8866-BD0C191E9627}.Debug|x86.ActiveCfg = Debug|Any CPU
		{07AFD4B2-442F-4465-8866-BD0C191E9627}.Debug|x86.Build.0 = Debug|Any CPU
		{07AFD4B2-442F-4465-8866-BD0C191E9627}.Debug|x86.Deploy.0 = Debug|Any CPU
		{07AFD4B2-442F-4465-8866-BD0C191E9627}.Release|Any CPU.ActiveCfg = Release|Any CPU
		{07AFD4B2-442F-4465-8866-BD0C191E9627}.Release|Any CPU.Build.0 = Release|Any CPU
		{07AFD4B2-442F-4465-8866-BD0C191E9627}.Release|Any CPU.Deploy.0 = Release|Any CPU
		{07AFD4B2-442F-4465-8866-BD0C191E9627}.Release|ARM.ActiveCfg = Release|Any CPU
		{07AFD4B2-442F-4465-8866-BD0C191E9627}.Release|ARM.Build.0 = Release|Any CPU
		{07AFD4B2-442F-4465-8866-BD0C191E9627}.Release|ARM.Deploy.0 = Release|Any CPU
		{07AFD4B2-442F-4465-8866-BD0C191E9627}.Release|iPhone.ActiveCfg = Release|Any CPU
		{07AFD4B2-442F-4465-8866-BD0C191E9627}.Release|iPhone.Build.0 = Release|Any CPU
		{07AFD4B2-442F-4465-8866-BD0C191E9627}.Release|iPhone.Deploy.0 = Release|Any CPU
		{07AFD4B2-442F-4465-8866-BD0C191E9627}.Release|iPhoneSimulator.ActiveCfg = Release|Any CPU
		{07AFD4B2-442F-4465-8866-BD0C191E9627}.Release|iPhoneSimulator.Build.0 = Release|Any CPU
		{07AFD4B2-442F-4465-8866-BD0C191E9627}.Release|iPhoneSimulator.Deploy.0 = Release|Any CPU
		{07AFD4B2-442F-4465-8866-BD0C191E9627}.Release|x64.ActiveCfg = Release|Any CPU
		{07AFD4B2-442F-4465-8866-BD0C191E9627}.Release|x64.Build.0 = Release|Any CPU
		{07AFD4B2-442F-4465-8866-BD0C191E9627}.Release|x64.Deploy.0 = Release|Any CPU
		{07AFD4B2-442F-4465-8866-BD0C191E9627}.Release|x86.ActiveCfg = Release|Any CPU
		{07AFD4B2-442F-4465-8866-BD0C191E9627}.Release|x86.Build.0 = Release|Any CPU
		{07AFD4B2-442F-4465-8866-BD0C191E9627}.Release|x86.Deploy.0 = Release|Any CPU
	EndGlobalSection
	GlobalSection(SolutionProperties) = preSolution
		HideSolutionNode = FALSE
	EndGlobalSection
	GlobalSection(ExtensibilityGlobals) = postSolution
		SolutionGuid = {EA7CBB9F-2D2C-4C18-AB7C-318020DD8890}
	EndGlobalSection
EndGlobal
